
Microsoft Visual Studio Solution File, Format Version 12.00
# Visual Studio Version 16
VisualStudioVersion = 16.0.31829.152
MinimumVisualStudioVersion = 10.0.40219.1
Project("{8BC9CEB8-8B4A-11D0-8D11-00A0C91BC942}") = "ska", "ska\ska.vcxproj", "{6BAE625D-0D65-4A04-904D-273BC1AA5E2D}"
EndProject
Project("{8BC9CEB8-8B4A-11D0-8D11-00A0C91BC942}") = "HW03", "HW03\HW03.vcxproj", "{C1600959-7CE7-4EE4-BCF3-11FDF71336F7}"
	ProjectSection(ProjectDependencies) = postProject
		{6BAE625D-0D65-4A04-904D-273BC1AA5E2D} = {6BAE625D-0D65-4A04-904D-273BC1AA5E2D}
	EndProjectSection
EndProject
Project("{8BC9CEB8-8B4A-11D0-8D11-00A0C91BC942}") = "HW02", "HW02\HW02.vcxproj", "{1A5EC612-D05F-4DFD-B9BD-299C68E0E672}"
	ProjectSection(ProjectDependencies) = postProject
		{6BAE625D-0D65-4A04-904D-273BC1AA5E2D} = {6BAE625D-0D65-4A04-904D-273BC1AA5E2D}
	EndProjectSection
EndProject
Project("{8BC9CEB8-8B4A-11D0-8D11-00A0C91BC942}") = "exercise0907", "exercise0907\exercise0907.vcxproj", "{5EAA47E0-B665-412F-8EDD-45105B20703C}"
	ProjectSection(ProjectDependencies) = postProject
		{6BAE625D-0D65-4A04-904D-273BC1AA5E2D} = {6BAE625D-0D65-4A04-904D-273BC1AA5E2D}
	EndProjectSection
EndProject
Global
	GlobalSection(SolutionConfigurationPlatforms) = preSolution
		Debug|Win32 = Debug|Win32
		Debug|x64 = Debug|x64
		Release|Win32 = Release|Win32
		Release|x64 = Release|x64
	EndGlobalSection
	GlobalSection(ProjectConfigurationPlatforms) = postSolution
		{6BAE625D-0D65-4A04-904D-273BC1AA5E2D}.Debug|Win32.ActiveCfg = Debug|Win32
		{6BAE625D-0D65-4A04-904D-273BC1AA5E2D}.Debug|Win32.Build.0 = Debug|Win32
		{6BAE625D-0D65-4A04-904D-273BC1AA5E2D}.Debug|x64.ActiveCfg = Debug|x64
		{6BAE625D-0D65-4A04-904D-273BC1AA5E2D}.Debug|x64.Build.0 = Debug|x64
		{6BAE625D-0D65-4A04-904D-273BC1AA5E2D}.Release|Win32.ActiveCfg = Release|Win32
		{6BAE625D-0D65-4A04-904D-273BC1AA5E2D}.Release|Win32.Build.0 = Release|Win32
		{6BAE625D-0D65-4A04-904D-273BC1AA5E2D}.Release|x64.ActiveCfg = Release|x64
		{6BAE625D-0D65-4A04-904D-273BC1AA5E2D}.Release|x64.Build.0 = Release|x64
		{C1600959-7CE7-4EE4-BCF3-11FDF71336F7}.Debug|Win32.ActiveCfg = Debug|Win32
		{C1600959-7CE7-4EE4-BCF3-11FDF71336F7}.Debug|Win32.Build.0 = Debug|Win32
		{C1600959-7CE7-4EE4-BCF3-11FDF71336F7}.Debug|x64.ActiveCfg = Debug|x64
		{C1600959-7CE7-4EE4-BCF3-11FDF71336F7}.Debug|x64.Build.0 = Debug|x64
		{C1600959-7CE7-4EE4-BCF3-11FDF71336F7}.Release|Win32.ActiveCfg = Release|Win32
		{C1600959-7CE7-4EE4-BCF3-11FDF71336F7}.Release|Win32.Build.0 = Release|Win32
		{C1600959-7CE7-4EE4-BCF3-11FDF71336F7}.Release|x64.ActiveCfg = Release|x64
		{C1600959-7CE7-4EE4-BCF3-11FDF71336F7}.Release|x64.Build.0 = Release|x64
		{1A5EC612-D05F-4DFD-B9BD-299C68E0E672}.Debug|Win32.ActiveCfg = Debug|Win32
		{1A5EC612-D05F-4DFD-B9BD-299C68E0E672}.Debug|Win32.Build.0 = Debug|Win32
		{1A5EC612-D05F-4DFD-B9BD-299C68E0E672}.Debug|x64.ActiveCfg = Debug|x64
		{1A5EC612-D05F-4DFD-B9BD-299C68E0E672}.Debug|x64.Build.0 = Debug|x64
		{1A5EC612-D05F-4DFD-B9BD-299C68E0E672}.Release|Win32.ActiveCfg = Release|Win32
		{1A5EC612-D05F-4DFD-B9BD-299C68E0E672}.Release|Win32.Build.0 = Release|Win32
		{1A5EC612-D05F-4DFD-B9BD-299C68E0E672}.Release|x64.ActiveCfg = Release|x64
		{1A5EC612-D05F-4DFD-B9BD-299C68E0E672}.Release|x64.Build.0 = Release|x64
		{5EAA47E0-B665-412F-8EDD-45105B20703C}.Debug|Win32.ActiveCfg = Debug|Win32
		{5EAA47E0-B665-412F-8EDD-45105B20703C}.Debug|Win32.Build.0 = Debug|Win32
		{5EAA47E0-B665-412F-8EDD-45105B20703C}.Debug|x64.ActiveCfg = Debug|x64
		{5EAA47E0-B665-412F-8EDD-45105B20703C}.Debug|x64.Build.0 = Debug|x64
		{5EAA47E0-B665-412F-8EDD-45105B20703C}.Release|Win32.ActiveCfg = Release|Win32
		{5EAA47E0-B665-412F-8EDD-45105B20703C}.Release|Win32.Build.0 = Release|Win32
		{5EAA47E0-B665-412F-8EDD-45105B20703C}.Release|x64.ActiveCfg = Release|x64
		{5EAA47E0-B665-412F-8EDD-45105B20703C}.Release|x64.Build.0 = Release|x64
	EndGlobalSection
	GlobalSection(SolutionProperties) = preSolution
		HideSolutionNode = FALSE
	EndGlobalSection
	GlobalSection(ExtensibilityGlobals) = postSolution
		SolutionGuid = {33B8637F-DD37-4D64-B8EA-FF2768794400}
	EndGlobalSection
EndGlobal
